
Microsoft Visual Studio Solution File, Format Version 12.00
# Visual Studio Version 16
VisualStudioVersion = 16.0.30709.132
MinimumVisualStudioVersion = 10.0.40219.1
Project("{9A19103F-16F7-4668-BE54-9A1E7A4F7556}") = "AspNetCoreWeb01", "AspNetCoreWeb01\AspNetCoreWeb01.csproj", "{8C3D31AD-43FB-4563-828A-239FC1D268BA}"
EndProject
Project("{9A19103F-16F7-4668-BE54-9A1E7A4F7556}") = "04AspNetCoreWebApi01", "AspNetCoreWebApi01\04AspNetCoreWebApi01.csproj", "{DBCB1BA8-60BF-4DA4-80F4-0BDE01B5D111}"
EndProject
Project("{9A19103F-16F7-4668-BE54-9A1E7A4F7556}") = "01RazorPagesMovie", "RazorPagesMovie\01RazorPagesMovie.csproj", "{4B9B5A19-3C8E-4201-903C-A95FFE585122}"
EndProject
Project("{9A19103F-16F7-4668-BE54-9A1E7A4F7556}") = "02_MvcMovie", "02_MvcMovie\02_MvcMovie.csproj", "{41CE3D83-36C7-45FE-8F1D-B487B041F4CA}"
EndProject
Project("{9A19103F-16F7-4668-BE54-9A1E7A4F7556}") = "03TodoListBlazorApp", "03TodoListBlazorApp\03TodoListBlazorApp.csproj", "{3D3D4DF8-937F-472B-A797-1C96E53706FF}"
EndProject
Project("{9A19103F-16F7-4668-BE54-9A1E7A4F7556}") = "05MongoDbBooksApi", "05MongoDbBooksApi\05MongoDbBooksApi.csproj", "{7A476EB1-63BC-4D84-846E-EDAEBA9E105C}"
EndProject
Project("{FAE04EC0-301F-11D3-BF4B-00C04F79EFBC}") = "06BlazorSignalRApp.Server", "06BlazorSignalRApp\Server\06BlazorSignalRApp.Server.csproj", "{9F256740-7FFA-4189-9EDC-48702426B2C1}"
EndProject
Project("{FAE04EC0-301F-11D3-BF4B-00C04F79EFBC}") = "06BlazorSignalRApp.Client", "06BlazorSignalRApp\Client\06BlazorSignalRApp.Client.csproj", "{73ADAF88-12C6-4774-908B-3C6C739F62A6}"
EndProject
Project("{FAE04EC0-301F-11D3-BF4B-00C04F79EFBC}") = "06BlazorSignalRApp.Shared", "06BlazorSignalRApp\Shared\06BlazorSignalRApp.Shared.csproj", "{AEA541D0-6760-451B-9D27-4D54ED79B4A0}"
EndProject
Project("{FAE04EC0-301F-11D3-BF4B-00C04F79EFBC}") = "07GrpcGreeter", "GrpcGreeter\07GrpcGreeter.csproj", "{F99CA235-C9EB-4840-85BD-1F7DBFE88C62}"
EndProject
Project("{FAE04EC0-301F-11D3-BF4B-00C04F79EFBC}") = "07GrpcGreeterClient", "GrpcGreeterClient\07GrpcGreeterClient.csproj", "{D65BC003-69FC-4B8C-BCCC-2B49253A2EA3}"
EndProject
Global
	GlobalSection(SolutionConfigurationPlatforms) = preSolution
		Debug|Any CPU = Debug|Any CPU
		Release|Any CPU = Release|Any CPU
	EndGlobalSection
	GlobalSection(ProjectConfigurationPlatforms) = postSolution
		{8C3D31AD-43FB-4563-828A-239FC1D268BA}.Debug|Any CPU.ActiveCfg = Debug|Any CPU
		{8C3D31AD-43FB-4563-828A-239FC1D268BA}.Debug|Any CPU.Build.0 = Debug|Any CPU
		{8C3D31AD-43FB-4563-828A-239FC1D268BA}.Release|Any CPU.ActiveCfg = Release|Any CPU
		{8C3D31AD-43FB-4563-828A-239FC1D268BA}.Release|Any CPU.Build.0 = Release|Any CPU
		{DBCB1BA8-60BF-4DA4-80F4-0BDE01B5D111}.Debug|Any CPU.ActiveCfg = Debug|Any CPU
		{DBCB1BA8-60BF-4DA4-80F4-0BDE01B5D111}.Debug|Any CPU.Build.0 = Debug|Any CPU
		{DBCB1BA8-60BF-4DA4-80F4-0BDE01B5D111}.Release|Any CPU.ActiveCfg = Release|Any CPU
		{DBCB1BA8-60BF-4DA4-80F4-0BDE01B5D111}.Release|Any CPU.Build.0 = Release|Any CPU
		{4B9B5A19-3C8E-4201-903C-A95FFE585122}.Debug|Any CPU.ActiveCfg = Debug|Any CPU
		{4B9B5A19-3C8E-4201-903C-A95FFE585122}.Debug|Any CPU.Build.0 = Debug|Any CPU
		{4B9B5A19-3C8E-4201-903C-A95FFE585122}.Release|Any CPU.ActiveCfg = Release|Any CPU
		{4B9B5A19-3C8E-4201-903C-A95FFE585122}.Release|Any CPU.Build.0 = Release|Any CPU
		{41CE3D83-36C7-45FE-8F1D-B487B041F4CA}.Debug|Any CPU.ActiveCfg = Debug|Any CPU
		{41CE3D83-36C7-45FE-8F1D-B487B041F4CA}.Debug|Any CPU.Build.0 = Debug|Any CPU
		{41CE3D83-36C7-45FE-8F1D-B487B041F4CA}.Release|Any CPU.ActiveCfg = Release|Any CPU
		{41CE3D83-36C7-45FE-8F1D-B487B041F4CA}.Release|Any CPU.Build.0 = Release|Any CPU
		{3D3D4DF8-937F-472B-A797-1C96E53706FF}.Debug|Any CPU.ActiveCfg = Debug|Any CPU
		{3D3D4DF8-937F-472B-A797-1C96E53706FF}.Debug|Any CPU.Build.0 = Debug|Any CPU
		{3D3D4DF8-937F-472B-A797-1C96E53706FF}.Release|Any CPU.ActiveCfg = Release|Any CPU
		{3D3D4DF8-937F-472B-A797-1C96E53706FF}.Release|Any CPU.Build.0 = Release|Any CPU
		{7A476EB1-63BC-4D84-846E-EDAEBA9E105C}.Debug|Any CPU.ActiveCfg = Debug|Any CPU
		{7A476EB1-63BC-4D84-846E-EDAEBA9E105C}.Debug|Any CPU.Build.0 = Debug|Any CPU
		{7A476EB1-63BC-4D84-846E-EDAEBA9E105C}.Release|Any CPU.ActiveCfg = Release|Any CPU
		{7A476EB1-63BC-4D84-846E-EDAEBA9E105C}.Release|Any CPU.Build.0 = Release|Any CPU
		{9F256740-7FFA-4189-9EDC-48702426B2C1}.Debug|Any CPU.ActiveCfg = Debug|Any CPU
		{9F256740-7FFA-4189-9EDC-48702426B2C1}.Debug|Any CPU.Build.0 = Debug|Any CPU
		{9F256740-7FFA-4189-9EDC-48702426B2C1}.Release|Any CPU.ActiveCfg = Release|Any CPU
		{9F256740-7FFA-4189-9EDC-48702426B2C1}.Release|Any CPU.Build.0 = Release|Any CPU
		{73ADAF88-12C6-4774-908B-3C6C739F62A6}.Debug|Any CPU.ActiveCfg = Debug|Any CPU
		{73ADAF88-12C6-4774-908B-3C6C739F62A6}.Debug|Any CPU.Build.0 = Debug|Any CPU
		{73ADAF88-12C6-4774-908B-3C6C739F62A6}.Release|Any CPU.ActiveCfg = Release|Any CPU
		{73ADAF88-12C6-4774-908B-3C6C739F62A6}.Release|Any CPU.Build.0 = Release|Any CPU
		{AEA541D0-6760-451B-9D27-4D54ED79B4A0}.Debug|Any CPU.ActiveCfg = Debug|Any CPU
		{AEA541D0-6760-451B-9D27-4D54ED79B4A0}.Debug|Any CPU.Build.0 = Debug|Any CPU
		{AEA541D0-6760-451B-9D27-4D54ED79B4A0}.Release|Any CPU.ActiveCfg = Release|Any CPU
		{AEA541D0-6760-451B-9D27-4D54ED79B4A0}.Release|Any CPU.Build.0 = Release|Any CPU
		{F99CA235-C9EB-4840-85BD-1F7DBFE88C62}.Debug|Any CPU.ActiveCfg = Debug|Any CPU
		{F99CA235-C9EB-4840-85BD-1F7DBFE88C62}.Debug|Any CPU.Build.0 = Debug|Any CPU
		{F99CA235-C9EB-4840-85BD-1F7DBFE88C62}.Release|Any CPU.ActiveCfg = Release|Any CPU
		{F99CA235-C9EB-4840-85BD-1F7DBFE88C62}.Release|Any CPU.Build.0 = Release|Any CPU
		{D65BC003-69FC-4B8C-BCCC-2B49253A2EA3}.Debug|Any CPU.ActiveCfg = Debug|Any CPU
		{D65BC003-69FC-4B8C-BCCC-2B49253A2EA3}.Debug|Any CPU.Build.0 = Debug|Any CPU
		{D65BC003-69FC-4B8C-BCCC-2B49253A2EA3}.Release|Any CPU.ActiveCfg = Release|Any CPU
		{D65BC003-69FC-4B8C-BCCC-2B49253A2EA3}.Release|Any CPU.Build.0 = Release|Any CPU
	EndGlobalSection
	GlobalSection(SolutionProperties) = preSolution
		HideSolutionNode = FALSE
	EndGlobalSection
	GlobalSection(ExtensibilityGlobals) = postSolution
		SolutionGuid = {62C89CB8-2E5F-449E-B086-6A84E0668260}
	EndGlobalSection
EndGlobal
